
Microsoft Visual Studio Solution File, Format Version 12.00
# Visual Studio Version 16
VisualStudioVersion = 16.0.30503.244
MinimumVisualStudioVersion = 10.0.40219.1
Project("{FAE04EC0-301F-11D3-BF4B-00C04F79EFBC}") = "DogGo", "DogGo\DogGo.csproj", "{D45C3839-8E2D-44EC-97E7-3A6E2F74EE85}"
EndProject
Global
	GlobalSection(SolutionConfigurationPlatforms) = preSolution
		Debug|Any CPU = Debug|Any CPU
		Release|Any CPU = Release|Any CPU
	EndGlobalSection
	GlobalSection(ProjectConfigurationPlatforms) = postSolution
		{D45C3839-8E2D-44EC-97E7-3A6E2F74EE85}.Debug|Any CPU.ActiveCfg = Debug|Any CPU
		{D45C3839-8E2D-44EC-97E7-3A6E2F74EE85}.Debug|Any CPU.Build.0 = Debug|Any CPU
		{D45C3839-8E2D-44EC-97E7-3A6E2F74EE85}.Release|Any CPU.ActiveCfg = Release|Any CPU
		{D45C3839-8E2D-44EC-97E7-3A6E2F74EE85}.Release|Any CPU.Build.0 = Release|Any CPU
	EndGlobalSection
	GlobalSection(SolutionProperties) = preSolution
		HideSolutionNode = FALSE
	EndGlobalSection
	GlobalSection(ExtensibilityGlobals) = postSolution
		SolutionGuid = {4C60B651-FE0C-42F8-A8E4-89158B94C993}
	EndGlobalSection
EndGlobal
